
Microsoft Visual Studio Solution File, Format Version 12.00
# Visual Studio 14
VisualStudioVersion = 14.0.25123.0
MinimumVisualStudioVersion = 10.0.40219.1
Project("{FAE04EC0-301F-11D3-BF4B-00C04F79EFBC}") = "SimpleBookList.DAL", "SimpleBookList.DAL\SimpleBookList.DAL.csproj", "{DAA19785-4503-4211-8C13-4B5C304D8844}"
EndProject
Project("{FAE04EC0-301F-11D3-BF4B-00C04F79EFBC}") = "SimpleBookList.BLL", "SimpleBookList.BLL\SimpleBookList.BLL.csproj", "{FA9C5F32-449E-4F63-ABB9-DB99AFA63E84}"
EndProject
Project("{FAE04EC0-301F-11D3-BF4B-00C04F79EFBC}") = "SimpleBookList.Models", "SimpleBookList.Models\SimpleBookList.Models.csproj", "{8461E2EF-102F-4BAD-AB22-011D32133D0D}"
EndProject
Project("{FAE04EC0-301F-11D3-BF4B-00C04F79EFBC}") = "SimpleBookList.UI", "SimpleBookList.UI\SimpleBookList.UI.csproj", "{D7E071CA-FEE5-4AE2-9AC3-27FF43D6AB23}"
EndProject
Project("{FAE04EC0-301F-11D3-BF4B-00C04F79EFBC}") = "SimpleBookList.WebAPI", "SimpleBookList.WebAPI\SimpleBookList.WebAPI.csproj", "{5FDFA09E-CD88-45EC-8098-6B3C02C3F28C}"
EndProject
Project("{FAE04EC0-301F-11D3-BF4B-00C04F79EFBC}") = "SimpleBookList.WcfUI", "SimpleBookList.WcfUI\SimpleBookList.WcfUI.csproj", "{7DD8C62C-9AEB-4CD2-B41F-14C8386607E2}"
EndProject
Project("{FAE04EC0-301F-11D3-BF4B-00C04F79EFBC}") = "SimpleBookList.WcfService", "SimpleBookList.WcfService\SimpleBookList.WcfService.csproj", "{3969394C-64BE-4476-A5B2-DB0EBC8A1553}"
EndProject
Global
	GlobalSection(SolutionConfigurationPlatforms) = preSolution
		Debug|Any CPU = Debug|Any CPU
		Release|Any CPU = Release|Any CPU
	EndGlobalSection
	GlobalSection(ProjectConfigurationPlatforms) = postSolution
		{DAA19785-4503-4211-8C13-4B5C304D8844}.Debug|Any CPU.ActiveCfg = Debug|Any CPU
		{DAA19785-4503-4211-8C13-4B5C304D8844}.Debug|Any CPU.Build.0 = Debug|Any CPU
		{DAA19785-4503-4211-8C13-4B5C304D8844}.Release|Any CPU.ActiveCfg = Release|Any CPU
		{DAA19785-4503-4211-8C13-4B5C304D8844}.Release|Any CPU.Build.0 = Release|Any CPU
		{FA9C5F32-449E-4F63-ABB9-DB99AFA63E84}.Debug|Any CPU.ActiveCfg = Debug|Any CPU
		{FA9C5F32-449E-4F63-ABB9-DB99AFA63E84}.Debug|Any CPU.Build.0 = Debug|Any CPU
		{FA9C5F32-449E-4F63-ABB9-DB99AFA63E84}.Release|Any CPU.ActiveCfg = Release|Any CPU
		{FA9C5F32-449E-4F63-ABB9-DB99AFA63E84}.Release|Any CPU.Build.0 = Release|Any CPU
		{8461E2EF-102F-4BAD-AB22-011D32133D0D}.Debug|Any CPU.ActiveCfg = Debug|Any CPU
		{8461E2EF-102F-4BAD-AB22-011D32133D0D}.Debug|Any CPU.Build.0 = Debug|Any CPU
		{8461E2EF-102F-4BAD-AB22-011D32133D0D}.Release|Any CPU.ActiveCfg = Release|Any CPU
		{8461E2EF-102F-4BAD-AB22-011D32133D0D}.Release|Any CPU.Build.0 = Release|Any CPU
		{D7E071CA-FEE5-4AE2-9AC3-27FF43D6AB23}.Debug|Any CPU.ActiveCfg = Debug|Any CPU
		{D7E071CA-FEE5-4AE2-9AC3-27FF43D6AB23}.Debug|Any CPU.Build.0 = Debug|Any CPU
		{D7E071CA-FEE5-4AE2-9AC3-27FF43D6AB23}.Release|Any CPU.ActiveCfg = Release|Any CPU
		{D7E071CA-FEE5-4AE2-9AC3-27FF43D6AB23}.Release|Any CPU.Build.0 = Release|Any CPU
		{5FDFA09E-CD88-45EC-8098-6B3C02C3F28C}.Debug|Any CPU.ActiveCfg = Debug|Any CPU
		{5FDFA09E-CD88-45EC-8098-6B3C02C3F28C}.Debug|Any CPU.Build.0 = Debug|Any CPU
		{5FDFA09E-CD88-45EC-8098-6B3C02C3F28C}.Release|Any CPU.ActiveCfg = Release|Any CPU
		{5FDFA09E-CD88-45EC-8098-6B3C02C3F28C}.Release|Any CPU.Build.0 = Release|Any CPU
		{7DD8C62C-9AEB-4CD2-B41F-14C8386607E2}.Debug|Any CPU.ActiveCfg = Debug|Any CPU
		{7DD8C62C-9AEB-4CD2-B41F-14C8386607E2}.Debug|Any CPU.Build.0 = Debug|Any CPU
		{7DD8C62C-9AEB-4CD2-B41F-14C8386607E2}.Release|Any CPU.ActiveCfg = Release|Any CPU
		{7DD8C62C-9AEB-4CD2-B41F-14C8386607E2}.Release|Any CPU.Build.0 = Release|Any CPU
		{3969394C-64BE-4476-A5B2-DB0EBC8A1553}.Debug|Any CPU.ActiveCfg = Debug|Any CPU
		{3969394C-64BE-4476-A5B2-DB0EBC8A1553}.Debug|Any CPU.Build.0 = Debug|Any CPU
		{3969394C-64BE-4476-A5B2-DB0EBC8A1553}.Release|Any CPU.ActiveCfg = Release|Any CPU
		{3969394C-64BE-4476-A5B2-DB0EBC8A1553}.Release|Any CPU.Build.0 = Release|Any CPU
	EndGlobalSection
	GlobalSection(SolutionProperties) = preSolution
		HideSolutionNode = FALSE
	EndGlobalSection
EndGlobal
