
Microsoft Visual Studio Solution File, Format Version 12.00
# Visual Studio 14
VisualStudioVersion = 14.0.25123.0
MinimumVisualStudioVersion = 10.0.40219.1
Project("{FAE04EC0-301F-11D3-BF4B-00C04F79EFBC}") = "SimpleBookList.DAL", "SimpleBookList.DAL\SimpleBookList.DAL.csproj", "{DAA19785-4503-4211-8C13-4B5C304D8844}"
EndProject
Project("{FAE04EC0-301F-11D3-BF4B-00C04F79EFBC}") = "SimpleBookList.BLL", "SimpleBookList.BLL\SimpleBookList.BLL.csproj", "{FA9C5F32-449E-4F63-ABB9-DB99AFA63E84}"
EndProject
Project("{FAE04EC0-301F-11D3-BF4B-00C04F79EFBC}") = "SimpleBookList.Models", "SimpleBookList.Models\SimpleBookList.Models.csproj", "{8461E2EF-102F-4BAD-AB22-011D32133D0D}"
EndProject
Global
	GlobalSection(SolutionConfigurationPlatforms) = preSolution
		Debug|Any CPU = Debug|Any CPU
		Release|Any CPU = Release|Any CPU
	EndGlobalSection
	GlobalSection(ProjectConfigurationPlatforms) = postSolution
		{DAA19785-4503-4211-8C13-4B5C304D8844}.Debug|Any CPU.ActiveCfg = Debug|Any CPU
		{DAA19785-4503-4211-8C13-4B5C304D8844}.Debug|Any CPU.Build.0 = Debug|Any CPU
		{DAA19785-4503-4211-8C13-4B5C304D8844}.Release|Any CPU.ActiveCfg = Release|Any CPU
		{DAA19785-4503-4211-8C13-4B5C304D8844}.Release|Any CPU.Build.0 = Release|Any CPU
		{FA9C5F32-449E-4F63-ABB9-DB99AFA63E84}.Debug|Any CPU.ActiveCfg = Debug|Any CPU
		{FA9C5F32-449E-4F63-ABB9-DB99AFA63E84}.Debug|Any CPU.Build.0 = Debug|Any CPU
		{FA9C5F32-449E-4F63-ABB9-DB99AFA63E84}.Release|Any CPU.ActiveCfg = Release|Any CPU
		{FA9C5F32-449E-4F63-ABB9-DB99AFA63E84}.Release|Any CPU.Build.0 = Release|Any CPU
		{8461E2EF-102F-4BAD-AB22-011D32133D0D}.Debug|Any CPU.ActiveCfg = Debug|Any CPU
		{8461E2EF-102F-4BAD-AB22-011D32133D0D}.Debug|Any CPU.Build.0 = Debug|Any CPU
		{8461E2EF-102F-4BAD-AB22-011D32133D0D}.Release|Any CPU.ActiveCfg = Release|Any CPU
		{8461E2EF-102F-4BAD-AB22-011D32133D0D}.Release|Any CPU.Build.0 = Release|Any CPU
	EndGlobalSection
	GlobalSection(SolutionProperties) = preSolution
		HideSolutionNode = FALSE
	EndGlobalSection
EndGlobal
